
Microsoft Visual Studio Solution File, Format Version 12.00
# Visual Studio Version 16
VisualStudioVersion = 16.0.29613.14
MinimumVisualStudioVersion = 10.0.40219.1
Project("{9A19103F-16F7-4668-BE54-9A1E7A4F7556}") = "RegionAwareApp", "RegionAwareApp.csproj", "{AE365143-9102-420D-A789-AF03AB416211}"
EndProject
Global
	GlobalSection(SolutionConfigurationPlatforms) = preSolution
		Debug|Any CPU = Debug|Any CPU
		Release|Any CPU = Release|Any CPU
	EndGlobalSection
	GlobalSection(ProjectConfigurationPlatforms) = postSolution
		{AE365143-9102-420D-A789-AF03AB416211}.Debug|Any CPU.ActiveCfg = Debug|Any CPU
		{AE365143-9102-420D-A789-AF03AB416211}.Debug|Any CPU.Build.0 = Debug|Any CPU
		{AE365143-9102-420D-A789-AF03AB416211}.Release|Any CPU.ActiveCfg = Release|Any CPU
		{AE365143-9102-420D-A789-AF03AB416211}.Release|Any CPU.Build.0 = Release|Any CPU
	EndGlobalSection
	GlobalSection(SolutionProperties) = preSolution
		HideSolutionNode = FALSE
	EndGlobalSection
	GlobalSection(ExtensibilityGlobals) = postSolution
		SolutionGuid = {6B691E20-9991-442E-A763-32DBEA0BF3AB}
	EndGlobalSection
EndGlobal
